
Microsoft Visual Studio Solution File, Format Version 12.00
Project("{FAE04EC0-301F-11D3-BF4B-00C04F79EFBC}") = "VideoCrypt.Image.Api", "VideoCrypt.Image.Api\VideoCrypt.Image.Api.csproj", "{E710D8F4-E2D5-48AB-A007-DC9D56B8AD13}"
EndProject
Project("{FAE04EC0-301F-11D3-BF4B-00C04F79EFBC}") = "VideoCrypt.Image.CashingApp", "VideoCrypt.Image.CashingApp\VideoCrypt.Image.CashingApp.csproj", "{103D3592-470E-4EEF-A68B-63653EE32F9C}"
EndProject
Project("{FAE04EC0-301F-11D3-BF4B-00C04F79EFBC}") = "VideoCrypt.Image.Data", "VideoCrypt.Image.Data\VideoCrypt.Image.Data.csproj", "{BF1D3BA7-4431-4D3A-B96A-8211F1C86E11}"
EndProject
Project("{FAE04EC0-301F-11D3-BF4B-00C04F79EFBC}") = "VideoCrypt.Image.Dashboard", "VideoCrypt.Image.Dashboard\VideoCrypt.Image.Dashboard.csproj", "{95CD0322-5B37-4AC4-B79D-5BA6E0D9B02E}"
EndProject
Global
	GlobalSection(SolutionConfigurationPlatforms) = preSolution
		Debug|Any CPU = Debug|Any CPU
		Release|Any CPU = Release|Any CPU
	EndGlobalSection
	GlobalSection(ProjectConfigurationPlatforms) = postSolution
		{E710D8F4-E2D5-48AB-A007-DC9D56B8AD13}.Debug|Any CPU.ActiveCfg = Debug|Any CPU
		{E710D8F4-E2D5-48AB-A007-DC9D56B8AD13}.Debug|Any CPU.Build.0 = Debug|Any CPU
		{E710D8F4-E2D5-48AB-A007-DC9D56B8AD13}.Release|Any CPU.ActiveCfg = Release|Any CPU
		{E710D8F4-E2D5-48AB-A007-DC9D56B8AD13}.Release|Any CPU.Build.0 = Release|Any CPU
		{103D3592-470E-4EEF-A68B-63653EE32F9C}.Debug|Any CPU.ActiveCfg = Debug|Any CPU
		{103D3592-470E-4EEF-A68B-63653EE32F9C}.Debug|Any CPU.Build.0 = Debug|Any CPU
		{103D3592-470E-4EEF-A68B-63653EE32F9C}.Release|Any CPU.ActiveCfg = Release|Any CPU
		{103D3592-470E-4EEF-A68B-63653EE32F9C}.Release|Any CPU.Build.0 = Release|Any CPU
		{BF1D3BA7-4431-4D3A-B96A-8211F1C86E11}.Debug|Any CPU.ActiveCfg = Debug|Any CPU
		{BF1D3BA7-4431-4D3A-B96A-8211F1C86E11}.Debug|Any CPU.Build.0 = Debug|Any CPU
		{BF1D3BA7-4431-4D3A-B96A-8211F1C86E11}.Release|Any CPU.ActiveCfg = Release|Any CPU
		{BF1D3BA7-4431-4D3A-B96A-8211F1C86E11}.Release|Any CPU.Build.0 = Release|Any CPU
		{95CD0322-5B37-4AC4-B79D-5BA6E0D9B02E}.Debug|Any CPU.ActiveCfg = Debug|Any CPU
		{95CD0322-5B37-4AC4-B79D-5BA6E0D9B02E}.Debug|Any CPU.Build.0 = Debug|Any CPU
		{95CD0322-5B37-4AC4-B79D-5BA6E0D9B02E}.Release|Any CPU.ActiveCfg = Release|Any CPU
		{95CD0322-5B37-4AC4-B79D-5BA6E0D9B02E}.Release|Any CPU.Build.0 = Release|Any CPU
	EndGlobalSection
EndGlobal
